{
  "originHash" : "bcc4f3e56b593cd756d35829274bc5aab76cc13ad72c2fb5cbd43dbff36c0579",
  "pins" : [
    {
      "identity" : "swiftformatplugin",
      "kind" : "remoteSourceControl",
      "location" : "https://github.com/HeirloomLogic/SwiftFormatPlugin",
      "state" : {
        "revision" : "5b13b7f0f9f427ab75f883021f28d38a2379117a",
        "version" : "1.1.0"
      }
    }
  ],
  "version" : 3
}
