{
  "originHash" : "a9065bf9002d9ebbec4395a70e6171b0439eb797a0892d00811f4f3acf4f4731",
  "pins" : [
    {
      "identity" : "persnicket",
      "kind" : "remoteSourceControl",
      "location" : "https://github.com/HeirloomLogic/Persnicket",
      "state" : {
        "revision" : "50f5f4e72f0481eb00f8254ff2cc3b9af606e1c1",
        "version" : "2.0.0"
      }
    },
    {
      "identity" : "swift-syntax",
      "kind" : "remoteSourceControl",
      "location" : "https://github.com/swiftlang/swift-syntax",
      "state" : {
        "revision" : "9de99a78f099e59caf2b2beec65a4c45d54b2081",
        "version" : "603.0.1"
      }
    },
    {
      "identity" : "swiftformatplugin",
      "kind" : "remoteSourceControl",
      "location" : "https://github.com/HeirloomLogic/SwiftFormatPlugin",
      "state" : {
        "revision" : "93d1b9bfaf64f87c945ef85144cfd7daeaa4e302",
        "version" : "1.6.1"
      }
    }
  ],
  "version" : 3
}
