{
  "originHash" : "5583d994196a57db83bd5adc3ce3a2620da681cbbab249c79f24f6f71e204277",
  "pins" : [
    {
      "identity" : "persnicket",
      "kind" : "remoteSourceControl",
      "location" : "https://github.com/HeirloomLogic/Persnicket",
      "state" : {
        "revision" : "50f5f4e72f0481eb00f8254ff2cc3b9af606e1c1",
        "version" : "2.0.0"
      }
    },
    {
      "identity" : "swift-syntax",
      "kind" : "remoteSourceControl",
      "location" : "https://github.com/swiftlang/swift-syntax",
      "state" : {
        "revision" : "79e4b74a295b6eb74a8b585e3a39d29e70c1dbd1",
        "version" : "603.0.2"
      }
    }
  ],
  "version" : 3
}
