{
  "originHash" : "26e58a79ebb8e8c273a719823658e5478e62605a1d3a61f255577b5602566fe8",
  "pins" : [
    {
      "identity" : "swift-syntax",
      "kind" : "remoteSourceControl",
      "location" : "https://github.com/swiftlang/swift-syntax",
      "state" : {
        "revision" : "9de99a78f099e59caf2b2beec65a4c45d54b2081",
        "version" : "603.0.1"
      }
    },
    {
      "identity" : "swiftformatplugin",
      "kind" : "remoteSourceControl",
      "location" : "https://github.com/HeirloomLogic/SwiftFormatPlugin",
      "state" : {
        "revision" : "93d1b9bfaf64f87c945ef85144cfd7daeaa4e302",
        "version" : "1.6.1"
      }
    }
  ],
  "version" : 3
}
